
Microsoft Visual Studio Solution File, Format Version 12.00
# Visual Studio Version 17
VisualStudioVersion = 17.7.34031.279
MinimumVisualStudioVersion = 10.0.40219.1
Project("{FAE04EC0-301F-11D3-BF4B-00C04F79EFBC}") = "Trigger_RERM.Android", "Trigger_RERM.Android\Trigger_RERM.Android.csproj", "{852B41B8-AC71-4FE8-9643-26992BD22157}"
EndProject
Project("{FAE04EC0-301F-11D3-BF4B-00C04F79EFBC}") = "Trigger_RERM.iOS", "Trigger_RERM.iOS\Trigger_RERM.iOS.csproj", "{4DA391B5-07B4-4EDD-9334-4C6373BFA3F1}"
EndProject
Project("{FAE04EC0-301F-11D3-BF4B-00C04F79EFBC}") = "Trigger_RERM", "Trigger_RERM\Trigger_RERM.csproj", "{932EE3B6-56E0-47D9-AF57-9C87B2228143}"
EndProject
Global
	GlobalSection(SolutionConfigurationPlatforms) = preSolution
		Debug|Any CPU = Debug|Any CPU
		Debug|iPhone = Debug|iPhone
		Debug|iPhoneSimulator = Debug|iPhoneSimulator
		Release|Any CPU = Release|Any CPU
		Release|iPhone = Release|iPhone
		Release|iPhoneSimulator = Release|iPhoneSimulator
	EndGlobalSection
	GlobalSection(ProjectConfigurationPlatforms) = postSolution
		{852B41B8-AC71-4FE8-9643-26992BD22157}.Debug|Any CPU.ActiveCfg = Debug|Any CPU
		{852B41B8-AC71-4FE8-9643-26992BD22157}.Debug|Any CPU.Build.0 = Debug|Any CPU
		{852B41B8-AC71-4FE8-9643-26992BD22157}.Debug|Any CPU.Deploy.0 = Debug|Any CPU
		{852B41B8-AC71-4FE8-9643-26992BD22157}.Debug|iPhone.ActiveCfg = Debug|Any CPU
		{852B41B8-AC71-4FE8-9643-26992BD22157}.Debug|iPhone.Build.0 = Debug|Any CPU
		{852B41B8-AC71-4FE8-9643-26992BD22157}.Debug|iPhone.Deploy.0 = Debug|Any CPU
		{852B41B8-AC71-4FE8-9643-26992BD22157}.Debug|iPhoneSimulator.ActiveCfg = Debug|Any CPU
		{852B41B8-AC71-4FE8-9643-26992BD22157}.Debug|iPhoneSimulator.Build.0 = Debug|Any CPU
		{852B41B8-AC71-4FE8-9643-26992BD22157}.Debug|iPhoneSimulator.Deploy.0 = Debug|Any CPU
		{852B41B8-AC71-4FE8-9643-26992BD22157}.Release|Any CPU.ActiveCfg = Release|Any CPU
		{852B41B8-AC71-4FE8-9643-26992BD22157}.Release|Any CPU.Build.0 = Release|Any CPU
		{852B41B8-AC71-4FE8-9643-26992BD22157}.Release|Any CPU.Deploy.0 = Release|Any CPU
		{852B41B8-AC71-4FE8-9643-26992BD22157}.Release|iPhone.ActiveCfg = Release|Any CPU
		{852B41B8-AC71-4FE8-9643-26992BD22157}.Release|iPhone.Build.0 = Release|Any CPU
		{852B41B8-AC71-4FE8-9643-26992BD22157}.Release|iPhone.Deploy.0 = Release|Any CPU
		{852B41B8-AC71-4FE8-9643-26992BD22157}.Release|iPhoneSimulator.ActiveCfg = Release|Any CPU
		{852B41B8-AC71-4FE8-9643-26992BD22157}.Release|iPhoneSimulator.Build.0 = Release|Any CPU
		{852B41B8-AC71-4FE8-9643-26992BD22157}.Release|iPhoneSimulator.Deploy.0 = Release|Any CPU
		{4DA391B5-07B4-4EDD-9334-4C6373BFA3F1}.Debug|Any CPU.ActiveCfg = Debug|iPhone
		{4DA391B5-07B4-4EDD-9334-4C6373BFA3F1}.Debug|Any CPU.Build.0 = Debug|iPhone
		{4DA391B5-07B4-4EDD-9334-4C6373BFA3F1}.Debug|Any CPU.Deploy.0 = Debug|iPhone
		{4DA391B5-07B4-4EDD-9334-4C6373BFA3F1}.Debug|iPhone.ActiveCfg = Debug|iPhone
		{4DA391B5-07B4-4EDD-9334-4C6373BFA3F1}.Debug|iPhone.Build.0 = Debug|iPhone
		{4DA391B5-07B4-4EDD-9334-4C6373BFA3F1}.Debug|iPhone.Deploy.0 = Debug|iPhone
		{4DA391B5-07B4-4EDD-9334-4C6373BFA3F1}.Debug|iPhoneSimulator.ActiveCfg = Debug|iPhoneSimulator
		{4DA391B5-07B4-4EDD-9334-4C6373BFA3F1}.Debug|iPhoneSimulator.Build.0 = Debug|iPhoneSimulator
		{4DA391B5-07B4-4EDD-9334-4C6373BFA3F1}.Debug|iPhoneSimulator.Deploy.0 = Debug|iPhoneSimulator
		{4DA391B5-07B4-4EDD-9334-4C6373BFA3F1}.Release|Any CPU.ActiveCfg = Release|iPhoneSimulator
		{4DA391B5-07B4-4EDD-9334-4C6373BFA3F1}.Release|Any CPU.Build.0 = Release|iPhoneSimulator
		{4DA391B5-07B4-4EDD-9334-4C6373BFA3F1}.Release|Any CPU.Deploy.0 = Release|iPhoneSimulator
		{4DA391B5-07B4-4EDD-9334-4C6373BFA3F1}.Release|iPhone.ActiveCfg = Release|iPhone
		{4DA391B5-07B4-4EDD-9334-4C6373BFA3F1}.Release|iPhone.Build.0 = Release|iPhone
		{4DA391B5-07B4-4EDD-9334-4C6373BFA3F1}.Release|iPhone.Deploy.0 = Release|iPhone
		{4DA391B5-07B4-4EDD-9334-4C6373BFA3F1}.Release|iPhoneSimulator.ActiveCfg = Release|iPhoneSimulator
		{4DA391B5-07B4-4EDD-9334-4C6373BFA3F1}.Release|iPhoneSimulator.Build.0 = Release|iPhoneSimulator
		{4DA391B5-07B4-4EDD-9334-4C6373BFA3F1}.Release|iPhoneSimulator.Deploy.0 = Release|iPhoneSimulator
		{932EE3B6-56E0-47D9-AF57-9C87B2228143}.Debug|Any CPU.ActiveCfg = Debug|Any CPU
		{932EE3B6-56E0-47D9-AF57-9C87B2228143}.Debug|Any CPU.Build.0 = Debug|Any CPU
		{932EE3B6-56E0-47D9-AF57-9C87B2228143}.Debug|Any CPU.Deploy.0 = Debug|Any CPU
		{932EE3B6-56E0-47D9-AF57-9C87B2228143}.Debug|iPhone.ActiveCfg = Debug|Any CPU
		{932EE3B6-56E0-47D9-AF57-9C87B2228143}.Debug|iPhone.Build.0 = Debug|Any CPU
		{932EE3B6-56E0-47D9-AF57-9C87B2228143}.Debug|iPhone.Deploy.0 = Debug|Any CPU
		{932EE3B6-56E0-47D9-AF57-9C87B2228143}.Debug|iPhoneSimulator.ActiveCfg = Debug|Any CPU
		{932EE3B6-56E0-47D9-AF57-9C87B2228143}.Debug|iPhoneSimulator.Build.0 = Debug|Any CPU
		{932EE3B6-56E0-47D9-AF57-9C87B2228143}.Debug|iPhoneSimulator.Deploy.0 = Debug|Any CPU
		{932EE3B6-56E0-47D9-AF57-9C87B2228143}.Release|Any CPU.ActiveCfg = Release|Any CPU
		{932EE3B6-56E0-47D9-AF57-9C87B2228143}.Release|Any CPU.Build.0 = Release|Any CPU
		{932EE3B6-56E0-47D9-AF57-9C87B2228143}.Release|Any CPU.Deploy.0 = Release|Any CPU
		{932EE3B6-56E0-47D9-AF57-9C87B2228143}.Release|iPhone.ActiveCfg = Release|Any CPU
		{932EE3B6-56E0-47D9-AF57-9C87B2228143}.Release|iPhone.Build.0 = Release|Any CPU
		{932EE3B6-56E0-47D9-AF57-9C87B2228143}.Release|iPhone.Deploy.0 = Release|Any CPU
		{932EE3B6-56E0-47D9-AF57-9C87B2228143}.Release|iPhoneSimulator.ActiveCfg = Release|Any CPU
		{932EE3B6-56E0-47D9-AF57-9C87B2228143}.Release|iPhoneSimulator.Build.0 = Release|Any CPU
		{932EE3B6-56E0-47D9-AF57-9C87B2228143}.Release|iPhoneSimulator.Deploy.0 = Release|Any CPU
	EndGlobalSection
	GlobalSection(SolutionProperties) = preSolution
		HideSolutionNode = FALSE
	EndGlobalSection
	GlobalSection(ExtensibilityGlobals) = postSolution
		SolutionGuid = {09242899-2785-40A6-A0F5-AAF73080F45B}
	EndGlobalSection
EndGlobal
